
Microsoft Visual Studio Solution File, Format Version 10.00
# Visual Studio 2008
Project("{8BC9CEB8-8B4A-11D0-8D11-00A0C91BC942}") = "Backup", "Backup.vcproj", "{D75FED22-DEFF-48A4-A72C-FB690B8B3657}"
EndProject
Global
	GlobalSection(SubversionScc) = preSolution
		Svn-Managed = True
		Manager = AnkhSVN - Subversion Support for Visual Studio
	EndGlobalSection
	GlobalSection(SolutionConfigurationPlatforms) = preSolution
		Debug|Win32 = Debug|Win32
		Release|Win32 = Release|Win32
	EndGlobalSection
	GlobalSection(ProjectConfigurationPlatforms) = postSolution
		{D75FED22-DEFF-48A4-A72C-FB690B8B3657}.Debug|Win32.ActiveCfg = Debug|Win32
		{D75FED22-DEFF-48A4-A72C-FB690B8B3657}.Debug|Win32.Build.0 = Debug|Win32
		{D75FED22-DEFF-48A4-A72C-FB690B8B3657}.Release|Win32.ActiveCfg = Release|Win32
		{D75FED22-DEFF-48A4-A72C-FB690B8B3657}.Release|Win32.Build.0 = Release|Win32
	EndGlobalSection
	GlobalSection(SolutionProperties) = preSolution
		HideSolutionNode = FALSE
	EndGlobalSection
EndGlobal
