
Microsoft Visual Studio Solution File, Format Version 10.00
# Visual Studio 2008
Project("{8BC9CEB8-8B4A-11D0-8D11-00A0C91BC942}") = "UpdateGame", "UpdateGame.vcproj", "{D1FC460F-A5D8-4CB6-A4A0-BB487EB15660}"
EndProject
Global
	GlobalSection(SolutionConfigurationPlatforms) = preSolution
		Debug|Win32 = Debug|Win32
		Release|Win32 = Release|Win32
	EndGlobalSection
	GlobalSection(ProjectConfigurationPlatforms) = postSolution
		{D1FC460F-A5D8-4CB6-A4A0-BB487EB15660}.Debug|Win32.ActiveCfg = Debug|Win32
		{D1FC460F-A5D8-4CB6-A4A0-BB487EB15660}.Debug|Win32.Build.0 = Debug|Win32
		{D1FC460F-A5D8-4CB6-A4A0-BB487EB15660}.Release|Win32.ActiveCfg = Release|Win32
		{D1FC460F-A5D8-4CB6-A4A0-BB487EB15660}.Release|Win32.Build.0 = Release|Win32
	EndGlobalSection
	GlobalSection(SolutionProperties) = preSolution
		HideSolutionNode = FALSE
	EndGlobalSection
EndGlobal
