
Microsoft Visual Studio Solution File, Format Version 10.00
# Visual Studio 2008
Project("{8BC9CEB8-8B4A-11D0-8D11-00A0C91BC942}") = "ServerUI", "ServerUI.vcproj", "{9A506317-495F-4F49-A703-A37B5C70BD35}"
EndProject
Global
	GlobalSection(SolutionConfigurationPlatforms) = preSolution
		Debug|Win32 = Debug|Win32
		Release|Win32 = Release|Win32
	EndGlobalSection
	GlobalSection(ProjectConfigurationPlatforms) = postSolution
		{9A506317-495F-4F49-A703-A37B5C70BD35}.Debug|Win32.ActiveCfg = Debug|Win32
		{9A506317-495F-4F49-A703-A37B5C70BD35}.Debug|Win32.Build.0 = Debug|Win32
		{9A506317-495F-4F49-A703-A37B5C70BD35}.Release|Win32.ActiveCfg = Release|Win32
		{9A506317-495F-4F49-A703-A37B5C70BD35}.Release|Win32.Build.0 = Release|Win32
	EndGlobalSection
	GlobalSection(SolutionProperties) = preSolution
		HideSolutionNode = FALSE
	EndGlobalSection
EndGlobal
