
Microsoft Visual Studio Solution File, Format Version 10.00
# Visual Studio 2008
Project("{8BC9CEB8-8B4A-11D0-8D11-00A0C91BC942}") = "NetSend", "NetSend.vcproj", "{11D3B6B2-6265-4ED1-8056-EBFB11430249}"
EndProject
Global
	GlobalSection(SolutionConfigurationPlatforms) = preSolution
		Debug|Win32 = Debug|Win32
		Release|Win32 = Release|Win32
	EndGlobalSection
	GlobalSection(ProjectConfigurationPlatforms) = postSolution
		{11D3B6B2-6265-4ED1-8056-EBFB11430249}.Debug|Win32.ActiveCfg = Debug|Win32
		{11D3B6B2-6265-4ED1-8056-EBFB11430249}.Debug|Win32.Build.0 = Debug|Win32
		{11D3B6B2-6265-4ED1-8056-EBFB11430249}.Release|Win32.ActiveCfg = Release|Win32
		{11D3B6B2-6265-4ED1-8056-EBFB11430249}.Release|Win32.Build.0 = Release|Win32
	EndGlobalSection
	GlobalSection(SolutionProperties) = preSolution
		HideSolutionNode = FALSE
	EndGlobalSection
EndGlobal
