
Microsoft Visual Studio Solution File, Format Version 10.00
# Visual Studio 2008
Project("{8BC9CEB8-8B4A-11D0-8D11-00A0C91BC942}") = "I8DeskSvr", "I8DeskSvr.vcproj", "{25F9852D-453F-4066-854E-D49765A61DFD}"
	ProjectSection(ProjectDependencies) = postProject
		{7F25D219-7BD5-46F4-8AD9-0F611DCFB91C} = {7F25D219-7BD5-46F4-8AD9-0F611DCFB91C}
		{12BF67A3-439F-433D-88AD-FCC3CC4DECFD} = {12BF67A3-439F-433D-88AD-FCC3CC4DECFD}
	EndProjectSection
EndProject
Project("{8BC9CEB8-8B4A-11D0-8D11-00A0C91BC942}") = "DbEngine", "..\DbEngine\DbEngine.vcproj", "{7F25D219-7BD5-46F4-8AD9-0F611DCFB91C}"
EndProject
Project("{8BC9CEB8-8B4A-11D0-8D11-00A0C91BC942}") = "NetLayer", "..\NetLayer\NetLayer.vcproj", "{12BF67A3-439F-433D-88AD-FCC3CC4DECFD}"
EndProject
Global
	GlobalSection(SubversionScc) = preSolution
		Svn-Managed = True
		Manager = AnkhSVN - Subversion Support for Visual Studio
	EndGlobalSection
	GlobalSection(SolutionConfigurationPlatforms) = preSolution
		Debug|Win32 = Debug|Win32
		Release|Win32 = Release|Win32
	EndGlobalSection
	GlobalSection(ProjectConfigurationPlatforms) = postSolution
		{25F9852D-453F-4066-854E-D49765A61DFD}.Debug|Win32.ActiveCfg = Debug|Win32
		{25F9852D-453F-4066-854E-D49765A61DFD}.Debug|Win32.Build.0 = Debug|Win32
		{25F9852D-453F-4066-854E-D49765A61DFD}.Release|Win32.ActiveCfg = Release|Win32
		{25F9852D-453F-4066-854E-D49765A61DFD}.Release|Win32.Build.0 = Release|Win32
		{7F25D219-7BD5-46F4-8AD9-0F611DCFB91C}.Debug|Win32.ActiveCfg = Debug|Win32
		{7F25D219-7BD5-46F4-8AD9-0F611DCFB91C}.Debug|Win32.Build.0 = Debug|Win32
		{7F25D219-7BD5-46F4-8AD9-0F611DCFB91C}.Release|Win32.ActiveCfg = Release|Win32
		{7F25D219-7BD5-46F4-8AD9-0F611DCFB91C}.Release|Win32.Build.0 = Release|Win32
		{12BF67A3-439F-433D-88AD-FCC3CC4DECFD}.Debug|Win32.ActiveCfg = Debug|Win32
		{12BF67A3-439F-433D-88AD-FCC3CC4DECFD}.Debug|Win32.Build.0 = Debug|Win32
		{12BF67A3-439F-433D-88AD-FCC3CC4DECFD}.Release|Win32.ActiveCfg = Release|Win32
		{12BF67A3-439F-433D-88AD-FCC3CC4DECFD}.Release|Win32.Build.0 = Release|Win32
	EndGlobalSection
	GlobalSection(SolutionProperties) = preSolution
		HideSolutionNode = FALSE
	EndGlobalSection
EndGlobal
