
Microsoft Visual Studio Solution File, Format Version 10.00
# Visual Studio 2008
Project("{8BC9CEB8-8B4A-11D0-8D11-00A0C91BC942}") = "ForceUpdate", "ForceUpdate.vcproj", "{6E90370D-FE84-4D5B-9F64-3C1E4758F0F1}"
EndProject
Global
	GlobalSection(SolutionConfigurationPlatforms) = preSolution
		Debug|Win32 = Debug|Win32
		Release|Win32 = Release|Win32
	EndGlobalSection
	GlobalSection(ProjectConfigurationPlatforms) = postSolution
		{6E90370D-FE84-4D5B-9F64-3C1E4758F0F1}.Debug|Win32.ActiveCfg = Debug|Win32
		{6E90370D-FE84-4D5B-9F64-3C1E4758F0F1}.Debug|Win32.Build.0 = Debug|Win32
		{6E90370D-FE84-4D5B-9F64-3C1E4758F0F1}.Release|Win32.ActiveCfg = Release|Win32
		{6E90370D-FE84-4D5B-9F64-3C1E4758F0F1}.Release|Win32.Build.0 = Release|Win32
	EndGlobalSection
	GlobalSection(SolutionProperties) = preSolution
		HideSolutionNode = FALSE
	EndGlobalSection
EndGlobal
