
Microsoft Visual Studio Solution File, Format Version 10.00
# Visual Studio 2008
Project("{8BC9CEB8-8B4A-11D0-8D11-00A0C91BC942}") = "VNCHooks", "VNCHooks\VNCHooks.vcproj", "{E477A82D-C098-48AF-BB99-531F2B844918}"
EndProject
Project("{8BC9CEB8-8B4A-11D0-8D11-00A0C91BC942}") = "WinVNC", "WinVNC.vcproj", "{B62E8C2C-6125-4CBA-8193-8FE94CBCFD46}"
	ProjectSection(ProjectDependencies) = postProject
		{E477A82D-C098-48AF-BB99-531F2B844918} = {E477A82D-C098-48AF-BB99-531F2B844918}
		{26E7FF93-4AF1-4C44-8D38-524B8000420B} = {26E7FF93-4AF1-4C44-8D38-524B8000420B}
	EndProjectSection
EndProject
Project("{8BC9CEB8-8B4A-11D0-8D11-00A0C91BC942}") = "omnithread", "omnithread\omnithread.vcproj", "{26E7FF93-4AF1-4C44-8D38-524B8000420B}"
EndProject
Global
	GlobalSection(SolutionConfigurationPlatforms) = preSolution
		Alpha Debug No_CORBA|Win32 = Alpha Debug No_CORBA|Win32
		Alpha No_CORBA|Win32 = Alpha No_CORBA|Win32
		Debug|Win32 = Debug|Win32
		No_CORBA|Win32 = No_CORBA|Win32
		Profile|Win32 = Profile|Win32
		Purify|Win32 = Purify|Win32
		Release|Win32 = Release|Win32
	EndGlobalSection
	GlobalSection(ProjectConfigurationPlatforms) = postSolution
		{E477A82D-C098-48AF-BB99-531F2B844918}.Alpha Debug No_CORBA|Win32.ActiveCfg = Alpha Debug No_CORBA|Win32
		{E477A82D-C098-48AF-BB99-531F2B844918}.Alpha Debug No_CORBA|Win32.Build.0 = Alpha Debug No_CORBA|Win32
		{E477A82D-C098-48AF-BB99-531F2B844918}.Alpha No_CORBA|Win32.ActiveCfg = Alpha No_CORBA|Win32
		{E477A82D-C098-48AF-BB99-531F2B844918}.Alpha No_CORBA|Win32.Build.0 = Alpha No_CORBA|Win32
		{E477A82D-C098-48AF-BB99-531F2B844918}.Debug|Win32.ActiveCfg = Debug|Win32
		{E477A82D-C098-48AF-BB99-531F2B844918}.Debug|Win32.Build.0 = Debug|Win32
		{E477A82D-C098-48AF-BB99-531F2B844918}.No_CORBA|Win32.ActiveCfg = No_CORBA|Win32
		{E477A82D-C098-48AF-BB99-531F2B844918}.No_CORBA|Win32.Build.0 = No_CORBA|Win32
		{E477A82D-C098-48AF-BB99-531F2B844918}.Profile|Win32.ActiveCfg = Profile|Win32
		{E477A82D-C098-48AF-BB99-531F2B844918}.Profile|Win32.Build.0 = Profile|Win32
		{E477A82D-C098-48AF-BB99-531F2B844918}.Purify|Win32.ActiveCfg = Purify|Win32
		{E477A82D-C098-48AF-BB99-531F2B844918}.Purify|Win32.Build.0 = Purify|Win32
		{E477A82D-C098-48AF-BB99-531F2B844918}.Release|Win32.ActiveCfg = Release|Win32
		{E477A82D-C098-48AF-BB99-531F2B844918}.Release|Win32.Build.0 = Release|Win32
		{B62E8C2C-6125-4CBA-8193-8FE94CBCFD46}.Alpha Debug No_CORBA|Win32.ActiveCfg = Alpha Debug No_CORBA|Win32
		{B62E8C2C-6125-4CBA-8193-8FE94CBCFD46}.Alpha Debug No_CORBA|Win32.Build.0 = Alpha Debug No_CORBA|Win32
		{B62E8C2C-6125-4CBA-8193-8FE94CBCFD46}.Alpha No_CORBA|Win32.ActiveCfg = Alpha No_CORBA|Win32
		{B62E8C2C-6125-4CBA-8193-8FE94CBCFD46}.Alpha No_CORBA|Win32.Build.0 = Alpha No_CORBA|Win32
		{B62E8C2C-6125-4CBA-8193-8FE94CBCFD46}.Debug|Win32.ActiveCfg = Debug|Win32
		{B62E8C2C-6125-4CBA-8193-8FE94CBCFD46}.Debug|Win32.Build.0 = Debug|Win32
		{B62E8C2C-6125-4CBA-8193-8FE94CBCFD46}.No_CORBA|Win32.ActiveCfg = No_CORBA|Win32
		{B62E8C2C-6125-4CBA-8193-8FE94CBCFD46}.No_CORBA|Win32.Build.0 = No_CORBA|Win32
		{B62E8C2C-6125-4CBA-8193-8FE94CBCFD46}.Profile|Win32.ActiveCfg = Profile|Win32
		{B62E8C2C-6125-4CBA-8193-8FE94CBCFD46}.Profile|Win32.Build.0 = Profile|Win32
		{B62E8C2C-6125-4CBA-8193-8FE94CBCFD46}.Purify|Win32.ActiveCfg = Purify|Win32
		{B62E8C2C-6125-4CBA-8193-8FE94CBCFD46}.Purify|Win32.Build.0 = Purify|Win32
		{B62E8C2C-6125-4CBA-8193-8FE94CBCFD46}.Release|Win32.ActiveCfg = Release|Win32
		{B62E8C2C-6125-4CBA-8193-8FE94CBCFD46}.Release|Win32.Build.0 = Release|Win32
		{26E7FF93-4AF1-4C44-8D38-524B8000420B}.Alpha Debug No_CORBA|Win32.ActiveCfg = Alpha Debug No_CORBA|Win32
		{26E7FF93-4AF1-4C44-8D38-524B8000420B}.Alpha Debug No_CORBA|Win32.Build.0 = Alpha Debug No_CORBA|Win32
		{26E7FF93-4AF1-4C44-8D38-524B8000420B}.Alpha No_CORBA|Win32.ActiveCfg = Alpha No_CORBA|Win32
		{26E7FF93-4AF1-4C44-8D38-524B8000420B}.Alpha No_CORBA|Win32.Build.0 = Alpha No_CORBA|Win32
		{26E7FF93-4AF1-4C44-8D38-524B8000420B}.Debug|Win32.ActiveCfg = Debug|Win32
		{26E7FF93-4AF1-4C44-8D38-524B8000420B}.Debug|Win32.Build.0 = Debug|Win32
		{26E7FF93-4AF1-4C44-8D38-524B8000420B}.No_CORBA|Win32.ActiveCfg = No_CORBA|Win32
		{26E7FF93-4AF1-4C44-8D38-524B8000420B}.No_CORBA|Win32.Build.0 = No_CORBA|Win32
		{26E7FF93-4AF1-4C44-8D38-524B8000420B}.Profile|Win32.ActiveCfg = Profile|Win32
		{26E7FF93-4AF1-4C44-8D38-524B8000420B}.Profile|Win32.Build.0 = Profile|Win32
		{26E7FF93-4AF1-4C44-8D38-524B8000420B}.Purify|Win32.ActiveCfg = Purify|Win32
		{26E7FF93-4AF1-4C44-8D38-524B8000420B}.Purify|Win32.Build.0 = Purify|Win32
		{26E7FF93-4AF1-4C44-8D38-524B8000420B}.Release|Win32.ActiveCfg = Release|Win32
		{26E7FF93-4AF1-4C44-8D38-524B8000420B}.Release|Win32.Build.0 = Release|Win32
	EndGlobalSection
	GlobalSection(SolutionProperties) = preSolution
		HideSolutionNode = FALSE
	EndGlobalSection
EndGlobal
