<?xml version="1.0" encoding="utf-8"?>
<Project ToolsVersion="4.0" xmlns="http://schemas.microsoft.com/developer/msbuild/2003">
  <ItemGroup>
    <Filter Include="源文件">
      <UniqueIdentifier>{4FC737F1-C7A5-4376-A066-2A32D752A2FF}</UniqueIdentifier>
      <Extensions>cpp;c;cc;cxx;def;odl;idl;hpj;bat;asm;asmx</Extensions>
    </Filter>
    <Filter Include="头文件">
      <UniqueIdentifier>{93995380-89BD-4b04-88EB-625FBE52EBFB}</UniqueIdentifier>
      <Extensions>h;hpp;hxx;hm;inl;inc;xsd</Extensions>
    </Filter>
    <Filter Include="资源文件">
      <UniqueIdentifier>{67DA6AB6-F800-4c08-8B7A-83BB121AAD01}</UniqueIdentifier>
      <Extensions>rc;ico;cur;bmp;dlg;rc2;rct;bin;rgs;gif;jpg;jpeg;jpe;resx;tiff;tif;png;wav</Extensions>
    </Filter>
    <Filter Include="include">
      <UniqueIdentifier>{293c8641-a32d-40c7-a35a-ed1996b12445}</UniqueIdentifier>
    </Filter>
    <Filter Include="include\AsyncIO">
      <UniqueIdentifier>{2200d207-f303-4584-9129-c197780518be}</UniqueIdentifier>
    </Filter>
    <Filter Include="include\AsyncIO\iocp">
      <UniqueIdentifier>{94a7acf0-3f9a-4150-9c03-6583769f6d94}</UniqueIdentifier>
    </Filter>
    <Filter Include="include\AsyncIO\network">
      <UniqueIdentifier>{ffbdc5e6-9a1f-4477-a72c-a37e1b576dc5}</UniqueIdentifier>
    </Filter>
    <Filter Include="include\AsyncIO\filesystem">
      <UniqueIdentifier>{b169c19d-64d9-445e-a04f-db4efd3c9bee}</UniqueIdentifier>
    </Filter>
    <Filter Include="include\Cache">
      <UniqueIdentifier>{7154ad4e-6024-4e4a-9191-a88021273f94}</UniqueIdentifier>
    </Filter>
    <Filter Include="include\MultiThread">
      <UniqueIdentifier>{7a312c45-b1a6-4241-bcba-c89bf7c04fb2}</UniqueIdentifier>
    </Filter>
    <Filter Include="include\Allocator">
      <UniqueIdentifier>{bd88650c-8b70-4dac-8f3f-1788ded45d93}</UniqueIdentifier>
    </Filter>
    <Filter Include="include\MemoryPool">
      <UniqueIdentifier>{344242e3-2319-447a-b5b2-6c26478c11dc}</UniqueIdentifier>
    </Filter>
  </ItemGroup>
  <ItemGroup>
    <ClCompile Include="dllmain.cpp">
      <Filter>源文件</Filter>
    </ClCompile>
    <ClCompile Include="stdafx.cpp">
      <Filter>源文件</Filter>
    </ClCompile>
    <ClCompile Include="VDiskPlug.cpp">
      <Filter>源文件</Filter>
    </ClCompile>
    <ClCompile Include="VirtualDiskDll.cpp">
      <Filter>源文件</Filter>
    </ClCompile>
    <ClCompile Include="..\..\..\include\AsyncIO\IOCP\Dispatcher.cpp">
      <Filter>include\AsyncIO\iocp</Filter>
    </ClCompile>
    <ClCompile Include="..\..\..\include\AsyncIO\IOCP\ReadWriteBuffer.cpp">
      <Filter>include\AsyncIO\iocp</Filter>
    </ClCompile>
    <ClCompile Include="..\..\..\include\AsyncIO\IOCP\WinException.cpp">
      <Filter>include\AsyncIO\iocp</Filter>
    </ClCompile>
    <ClCompile Include="..\..\..\include\AsyncIO\Network\IPAddress.cpp">
      <Filter>include\AsyncIO\network</Filter>
    </ClCompile>
    <ClCompile Include="..\..\..\include\AsyncIO\Network\Socket.cpp">
      <Filter>include\AsyncIO\network</Filter>
    </ClCompile>
    <ClCompile Include="..\..\..\include\AsyncIO\Network\SocketProvider.cpp">
      <Filter>include\AsyncIO\network</Filter>
    </ClCompile>
    <ClCompile Include="..\..\..\include\AsyncIO\FileSystem\File.cpp">
      <Filter>include\AsyncIO\filesystem</Filter>
    </ClCompile>
    <ClCompile Include="VDiskClient.cpp">
      <Filter>源文件</Filter>
    </ClCompile>
    <ClCompile Include="VDiskService.cpp">
      <Filter>源文件</Filter>
    </ClCompile>
    <ClCompile Include="VDiskAcceptor.cpp">
      <Filter>源文件</Filter>
    </ClCompile>
    <ClCompile Include="MemoryCache.cpp">
      <Filter>源文件</Filter>
    </ClCompile>
    <ClCompile Include="NetworkFlow.cpp">
      <Filter>源文件</Filter>
    </ClCompile>
  </ItemGroup>
  <ItemGroup>
    <None Include="VirtualDiskDll.def">
      <Filter>源文件</Filter>
    </None>
    <None Include="ReadMe.txt" />
  </ItemGroup>
  <ItemGroup>
    <ClInclude Include="MemoryManager.h">
      <Filter>头文件</Filter>
    </ClInclude>
    <ClInclude Include="Misc.hpp">
      <Filter>头文件</Filter>
    </ClInclude>
    <ClInclude Include="NetLayerHdr.h">
      <Filter>头文件</Filter>
    </ClInclude>
    <ClInclude Include="stdafx.h">
      <Filter>头文件</Filter>
    </ClInclude>
    <ClInclude Include="targetver.h">
      <Filter>头文件</Filter>
    </ClInclude>
    <ClInclude Include="VDiskPlug.hpp">
      <Filter>头文件</Filter>
    </ClInclude>
    <ClInclude Include="..\..\..\include\define.h">
      <Filter>include</Filter>
    </ClInclude>
    <ClInclude Include="..\..\..\include\frame.h">
      <Filter>include</Filter>
    </ClInclude>
    <ClInclude Include="..\..\..\include\AsyncIO\Basic.hpp">
      <Filter>include\AsyncIO</Filter>
    </ClInclude>
    <ClInclude Include="..\..\..\include\AsyncIO\IOCP\AsyncResult.hpp">
      <Filter>include\AsyncIO\iocp</Filter>
    </ClInclude>
    <ClInclude Include="..\..\..\include\AsyncIO\IOCP\Buffer.hpp">
      <Filter>include\AsyncIO\iocp</Filter>
    </ClInclude>
    <ClInclude Include="..\..\..\include\AsyncIO\IOCP\Dispatcher.hpp">
      <Filter>include\AsyncIO\iocp</Filter>
    </ClInclude>
    <ClInclude Include="..\..\..\include\AsyncIO\IOCP\IOCP.hpp">
      <Filter>include\AsyncIO\iocp</Filter>
    </ClInclude>
    <ClInclude Include="..\..\..\include\AsyncIO\IOCP\MemoryMgr.hpp">
      <Filter>include\AsyncIO\iocp</Filter>
    </ClInclude>
    <ClInclude Include="..\..\..\include\AsyncIO\IOCP\ObjectFactory.hpp">
      <Filter>include\AsyncIO\iocp</Filter>
    </ClInclude>
    <ClInclude Include="..\..\..\include\AsyncIO\IOCP\Pointer.hpp">
      <Filter>include\AsyncIO\iocp</Filter>
    </ClInclude>
    <ClInclude Include="..\..\..\include\AsyncIO\IOCP\ReadWriteBuffer.hpp">
      <Filter>include\AsyncIO\iocp</Filter>
    </ClInclude>
    <ClInclude Include="..\..\..\include\AsyncIO\IOCP\WinException.hpp">
      <Filter>include\AsyncIO\iocp</Filter>
    </ClInclude>
    <ClInclude Include="..\..\..\include\AsyncIO\Network\Accept.hpp">
      <Filter>include\AsyncIO\network</Filter>
    </ClInclude>
    <ClInclude Include="..\..\..\include\AsyncIO\Network\BasicAcceptor.hpp">
      <Filter>include\AsyncIO\network</Filter>
    </ClInclude>
    <ClInclude Include="..\..\..\include\AsyncIO\Network\BasicDatagramSocket.hpp">
      <Filter>include\AsyncIO\network</Filter>
    </ClInclude>
    <ClInclude Include="..\..\..\include\AsyncIO\Network\BasicStreamSocket.hpp">
      <Filter>include\AsyncIO\network</Filter>
    </ClInclude>
    <ClInclude Include="..\..\..\include\AsyncIO\Network\BufferHelper.hpp">
      <Filter>include\AsyncIO\network</Filter>
    </ClInclude>
    <ClInclude Include="..\..\..\include\AsyncIO\Network\IPAddress.hpp">
      <Filter>include\AsyncIO\network</Filter>
    </ClInclude>
    <ClInclude Include="..\..\..\include\AsyncIO\Network\Read.hpp">
      <Filter>include\AsyncIO\network</Filter>
    </ClInclude>
    <ClInclude Include="..\..\..\include\AsyncIO\Network\Socket.hpp">
      <Filter>include\AsyncIO\network</Filter>
    </ClInclude>
    <ClInclude Include="..\..\..\include\AsyncIO\Network\SocketOption.hpp">
      <Filter>include\AsyncIO\network</Filter>
    </ClInclude>
    <ClInclude Include="..\..\..\include\AsyncIO\Network\SocketProvider.hpp">
      <Filter>include\AsyncIO\network</Filter>
    </ClInclude>
    <ClInclude Include="..\..\..\include\AsyncIO\Network\SockInit.hpp">
      <Filter>include\AsyncIO\network</Filter>
    </ClInclude>
    <ClInclude Include="..\..\..\include\AsyncIO\Network\TCP.hpp">
      <Filter>include\AsyncIO\network</Filter>
    </ClInclude>
    <ClInclude Include="..\..\..\include\AsyncIO\Network\UDP.hpp">
      <Filter>include\AsyncIO\network</Filter>
    </ClInclude>
    <ClInclude Include="..\..\..\include\AsyncIO\Network\Write.hpp">
      <Filter>include\AsyncIO\network</Filter>
    </ClInclude>
    <ClInclude Include="..\..\..\include\AsyncIO\FileSystem\BasicFile.hpp">
      <Filter>include\AsyncIO\filesystem</Filter>
    </ClInclude>
    <ClInclude Include="..\..\..\include\AsyncIO\FileSystem\File.hpp">
      <Filter>include\AsyncIO\filesystem</Filter>
    </ClInclude>
    <ClInclude Include="VDiskClient.hpp">
      <Filter>头文件</Filter>
    </ClInclude>
    <ClInclude Include="VDiskService.hpp">
      <Filter>头文件</Filter>
    </ClInclude>
    <ClInclude Include="VDiskAcceptor.hpp">
      <Filter>头文件</Filter>
    </ClInclude>
    <ClInclude Include="..\..\..\include\Cache\Cache.hpp">
      <Filter>include\Cache</Filter>
    </ClInclude>
    <ClInclude Include="..\..\..\include\MultiThread\Lock.hpp">
      <Filter>include\MultiThread</Filter>
    </ClInclude>
    <ClInclude Include="..\..\..\include\MultiThread\Thread.hpp">
      <Filter>include\MultiThread</Filter>
    </ClInclude>
    <ClInclude Include="..\..\..\include\MultiThread\ThreadPool.hpp">
      <Filter>include\MultiThread</Filter>
    </ClInclude>
    <ClInclude Include="..\..\..\include\MultiThread\Tls.hpp">
      <Filter>include\MultiThread</Filter>
    </ClInclude>
    <ClInclude Include="..\..\..\include\Allocator\ContainerAllocator.hpp">
      <Filter>include\Allocator</Filter>
    </ClInclude>
    <ClInclude Include="..\..\..\include\MemoryPool\FixedMemoryPool.hpp">
      <Filter>include\MemoryPool</Filter>
    </ClInclude>
    <ClInclude Include="..\..\..\include\MemoryPool\MemoryLeak.h">
      <Filter>include\MemoryPool</Filter>
    </ClInclude>
    <ClInclude Include="..\..\..\include\MemoryPool\SGIMallocPool.hpp">
      <Filter>include\MemoryPool</Filter>
    </ClInclude>
    <ClInclude Include="..\..\..\include\MemoryPool\SGIMemoryPool.hpp">
      <Filter>include\MemoryPool</Filter>
    </ClInclude>
    <ClInclude Include="..\VirtualDisk\VirtualDisk.h">
      <Filter>头文件</Filter>
    </ClInclude>
    <ClInclude Include="MemoryCache.hpp">
      <Filter>头文件</Filter>
    </ClInclude>
    <ClInclude Include="NetworkFlow.hpp">
      <Filter>头文件</Filter>
    </ClInclude>
  </ItemGroup>
</Project>